github.com/creachadair/mds v0.25.3 h1:eE9+aMAV+CooBl5XZKcUuDgQxm7+/f2Of+JT1cX6plM=
github.com/creachadair/mds v0.25.3/go.mod h1:4hatI3hRM+qhzuAmqPRFvaBM8mONkS7nsLxkcuTYUIs=
github.com/creachadair/msync v0.4.0 h1:yCcmjnmZQFlXfjQc26iqYtyheS4Yq/moitjSY7rx1xg=
github.com/creachadair/msync v0.4.0/go.mod h1:rmPVM6r4faONU1ZWBjaRE7D4eY6ouXY6Rx1veLSRpqM=
github.com/creachadair/taskgroup v0.12.0 h1:AWk1vgMp1VjmwRUJkbX/XZxDRI+gCWhVr+Slj2LeJ+A=
github.com/creachadair/taskgroup v0.12.0/go.mod h1:9oDDPt/5QPS4iylvPMC81GRlj+1je8AFDbjUh4zaQWo=
github.com/fortytw2/leaktest v1.3.0 h1:u8491cBMTQ8ft8aeV+adlcytMZylmA5nnwwkRZjI8vw=
github.com/fortytw2/leaktest v1.3.0/go.mod h1:jDsjWgpAGjm2CA7WthBh/CdZYEPF31XHquHwclZch5g=
github.com/google/go-cmp v0.7.0 h1:wk8382ETsv4JYUZwIsn6YpYiWiBsYLSJiTsyBybVuN8=
github.com/google/go-cmp v0.7.0/go.mod h1:pXiqmnSA92OHEEa9HXL2W4E7lf9JzCmGVUdgjX3N/iU=
