github.com/creachadair/mds v0.19.2 h1:I5OdjsrG2jqGklMcyv50Iqo6gTrwUSIpIJVSnlVw85c=
github.com/creachadair/mds v0.19.2/go.mod h1:4b//mUiL8YldH6TImXjmW45myzTLNS1LLjOmrk888eg=
github.com/creachadair/msync v0.3.0 h1:7FoPzwrM4gAdfsj7mcVyodKV82fArJaKcgr9j9whYww=
github.com/creachadair/msync v0.3.0/go.mod h1:XjAfMt+upDhbx3FeGJ1zkqQIm55E9xw/pWzITwVaIoI=
github.com/creachadair/taskgroup v0.11.0 h1:ALpBe7Qds+JyM4ZQKISLFyapHRjVb00eOQ88S0mzVNo=
github.com/creachadair/taskgroup v0.11.0/go.mod h1:9oDDPt/5QPS4iylvPMC81GRlj+1je8AFDbjUh4zaQWo=
github.com/fortytw2/leaktest v1.3.0 h1:u8491cBMTQ8ft8aeV+adlcytMZylmA5nnwwkRZjI8vw=
github.com/fortytw2/leaktest v1.3.0/go.mod h1:jDsjWgpAGjm2CA7WthBh/CdZYEPF31XHquHwclZch5g=
github.com/google/go-cmp v0.6.0 h1:ofyhxvXcZhMsU5ulbFiLKl/XBFqE1GSq7atu8tAmTRI=
github.com/google/go-cmp v0.6.0/go.mod h1:17dUlkBOakJ0+DkrSSNjCkIjxS6bF9zb3elmeNGIjoY=
