github.com/creachadair/mds v0.19.2 h1:I5OdjsrG2jqGklMcyv50Iqo6gTrwUSIpIJVSnlVw85c=
github.com/creachadair/mds v0.19.2/go.mod h1:4b//mUiL8YldH6TImXjmW45myzTLNS1LLjOmrk888eg=
github.com/creachadair/msync v0.4.0 h1:yCcmjnmZQFlXfjQc26iqYtyheS4Yq/moitjSY7rx1xg=
github.com/creachadair/msync v0.4.0/go.mod h1:rmPVM6r4faONU1ZWBjaRE7D4eY6ouXY6Rx1veLSRpqM=
github.com/creachadair/taskgroup v0.12.0 h1:AWk1vgMp1VjmwRUJkbX/XZxDRI+gCWhVr+Slj2LeJ+A=
github.com/creachadair/taskgroup v0.12.0/go.mod h1:9oDDPt/5QPS4iylvPMC81GRlj+1je8AFDbjUh4zaQWo=
github.com/fortytw2/leaktest v1.3.0 h1:u8491cBMTQ8ft8aeV+adlcytMZylmA5nnwwkRZjI8vw=
github.com/fortytw2/leaktest v1.3.0/go.mod h1:jDsjWgpAGjm2CA7WthBh/CdZYEPF31XHquHwclZch5g=
github.com/google/go-cmp v0.6.0 h1:ofyhxvXcZhMsU5ulbFiLKl/XBFqE1GSq7atu8tAmTRI=
github.com/google/go-cmp v0.6.0/go.mod h1:17dUlkBOakJ0+DkrSSNjCkIjxS6bF9zb3elmeNGIjoY=
